# This file is autogenerated, do not edit; changes may be undone by the next 'dep ensure'.


[[projects]]
  branch = "master"
  name = "github.com/joaosoft/auth-types"
  packages = [
    "basic",
    "jwt"
  ]
  revision = "c69fd62ab4415c9c103eb2173d7eccb44c6b20fb"

[[projects]]
  branch = "master"
  name = "github.com/joaosoft/color"
  packages = ["."]
  revision = "17caec6046388cea5751f441ef6b06a7a572abf2"

[[projects]]
  branch = "master"
  name = "github.com/joaosoft/errors"
  packages = ["."]
  revision = "595507b0a4a675ff2b92ad6f8884f74a36a07df2"

[[projects]]
  branch = "master"
  name = "github.com/joaosoft/logger"
  packages = ["."]
  revision = "183bd5151e65d920b053ec1d7c3149a69dceefaf"

[[projects]]
  branch = "master"
  name = "github.com/joaosoft/writers"
  packages = ["."]
  revision = "310c8522699ddd9cbcaac2d0eca833c2afc1c037"

[[projects]]
  branch = "master"
  name = "github.com/satori/go.uuid"
  packages = ["."]
  revision = "b2ce2384e17bbe0c6d34077efa39dbab3e09123b"

[solve-meta]
  analyzer-name = "dep"
  analyzer-version = 1
  inputs-digest = "887f4b0e419491c8301365fd5e4f069fdc260d03890a3e0926ed179dee9d81c3"
  solver-name = "gps-cdcl"
  solver-version = 1
