# This file is autogenerated, do not edit; changes may be undone by the next 'dep ensure'.


[[projects]]
  branch = "master"
  digest = "1:243b10c0f49b9be3abf2a5317a8ef7f5e4c6a6cc52df9df148d1ca8ab3212ec5"
  name = "github.com/joaosoft/auth-types"
  packages = [
    "basic",
    "jwt",
  ]
  pruneopts = "UT"
  revision = "1650f9472c4a2bd81a44af308a2ac005444fe2b5"

[[projects]]
  branch = "master"
  digest = "1:0092e94dba11e26f6124f9b3251795d29692fc033ab0cfbf81633fd1ff4d707e"
  name = "github.com/joaosoft/color"
  packages = ["."]
  pruneopts = "UT"
  revision = "17caec6046388cea5751f441ef6b06a7a572abf2"

[[projects]]
  branch = "master"
  digest = "1:16448cc34c274f3c9644f235517f28562263e7029e58c2e388652fac2e109164"
  name = "github.com/joaosoft/errors"
  packages = ["."]
  pruneopts = "UT"
  revision = "5be0a9d62458e8b47c998d0b36192a629f55786f"

[[projects]]
  branch = "master"
  digest = "1:0a0bf8ecb69ffa9c68178b0203f41f1dda4c62854dbdcdcc4d6b2771e37e78cf"
  name = "github.com/joaosoft/logger"
  packages = ["."]
  pruneopts = "UT"
  revision = "4168033d43f324aad57cae03052925d545f61a69"

[[projects]]
  branch = "master"
  digest = "1:a371f7738e04bd2ab010ac4a23550eef6f41b90ecbc008ef896058496c1c5fba"
  name = "github.com/joaosoft/writers"
  packages = ["."]
  pruneopts = "UT"
  revision = "310c8522699ddd9cbcaac2d0eca833c2afc1c037"

[[projects]]
  branch = "master"
  digest = "1:a3b8912deeef29007fab9a13a9f21b9e9b59c621a2ed61e2fe7b37320a71fbd5"
  name = "github.com/satori/go.uuid"
  packages = ["."]
  pruneopts = "UT"
  revision = "b2ce2384e17bbe0c6d34077efa39dbab3e09123b"

[solve-meta]
  analyzer-name = "dep"
  analyzer-version = 1
  input-imports = [
    "github.com/joaosoft/auth-types/basic",
    "github.com/joaosoft/auth-types/jwt",
    "github.com/joaosoft/color",
    "github.com/joaosoft/errors",
    "github.com/joaosoft/logger",
  ]
  solver-name = "gps-cdcl"
  solver-version = 1
